
Microsoft Visual Studio Solution File, Format Version 12.00
# Visual Studio 15
VisualStudioVersion = 15.0.26730.16
MinimumVisualStudioVersion = 10.0.40219.1
Project("{FAE04EC0-301F-11D3-BF4B-00C04F79EFBC}") = "PlaygroundQuartz", "PlaygroundQuartz\PlaygroundQuartz.csproj", "{103AF01C-81C3-470A-BCF8-CAA366B95DB5}"
EndProject
Global
	GlobalSection(SolutionConfigurationPlatforms) = preSolution
		Debug|Any CPU = Debug|Any CPU
		Release|Any CPU = Release|Any CPU
	EndGlobalSection
	GlobalSection(ProjectConfigurationPlatforms) = postSolution
		{103AF01C-81C3-470A-BCF8-CAA366B95DB5}.Debug|Any CPU.ActiveCfg = Debug|Any CPU
		{103AF01C-81C3-470A-BCF8-CAA366B95DB5}.Debug|Any CPU.Build.0 = Debug|Any CPU
		{103AF01C-81C3-470A-BCF8-CAA366B95DB5}.Release|Any CPU.ActiveCfg = Release|Any CPU
		{103AF01C-81C3-470A-BCF8-CAA366B95DB5}.Release|Any CPU.Build.0 = Release|Any CPU
	EndGlobalSection
	GlobalSection(SolutionProperties) = preSolution
		HideSolutionNode = FALSE
	EndGlobalSection
	GlobalSection(ExtensibilityGlobals) = postSolution
		SolutionGuid = {95ED51DD-FD6B-435A-ABD8-1941E68F66DF}
	EndGlobalSection
EndGlobal
